{
  "nodes": {
    "azure": {
      "inputs": {
        "nixpkgs": [
          "nixpkgs"
        ]
      },
      "locked": {
        "lastModified": 1595662642,
        "narHash": "sha256-cKmqIJ9up1ZS3pLHsPtfXWFYfd26HPq6IHpf7t9VQ98=",
        "type": "git",
        "url": "file:///home/cole/code/nixos-azure"
      },
      "original": {
        "owner": "colemickens",
        "repo": "flake-azure",
        "type": "github"
      }
    },
    "nixpkgs": {
      "locked": {
        "lastModified": 1595996365,
        "narHash": "sha256-sV8N2dttoQRtEyUfjDD1+9w3Jv+Dc3CQ2Twps71EElE=",
        "ref": "cmpkgs",
        "rev": "d3ff247475f50829a87bf248261ad5462cf07936",
        "revCount": 236334,
        "type": "git",
        "url": "file:///home/cole/code/nixpkgs/cmpkgs"
      },
      "original": {
        "owner": "nixos",
        "ref": "nixos-unstable",
        "repo": "nixpkgs",
        "type": "github"
      }
    },
    "root": {
      "inputs": {
        "azure": "azure",
        "nixpkgs": "nixpkgs",
        "sops-nix": "sops-nix"
      }
    },
    "sops-nix": {
      "inputs": {
        "nixpkgs": [
          "nixpkgs"
        ]
      },
      "locked": {
        "lastModified": 1595664747,
        "narHash": "sha256-1b5g+SdgbB9lK6Io7QVMaC/2PsnJnQeYL7s+k2KtHm4=",
        "type": "git",
        "url": "file:///home/cole/code/sops-nix"
      },
      "original": {
        "owner": "Mic92",
        "ref": "master",
        "repo": "sops-nix",
        "type": "github"
      }
    }
  },
  "root": "root",
  "version": 7
}
