{
  "nodes": {
    "azure": {
      "inputs": {
        "nixpkgs": [
          "nixpkgs"
        ]
      },
      "locked": {
        "lastModified": 1595662642,
        "narHash": "sha256-c1gcGwnk5+1WsbI9JxsWUro9igiuyRWQ+lZMPdfJza0=",
        "type": "git",
        "url": "file:///home/cole/code/nixos-azure"
      },
      "original": {
        "owner": "colemickens",
        "ref": "dev",
        "repo": "flake-azure",
        "type": "github"
      }
    },
    "nixpkgs": {
      "locked": {
        "lastModified": 1597359046,
        "narHash": "sha256-Fnwc5BSNWLjATcrPvYSGoBJsJUawk1foxB2byEWJar4=",
        "ref": "cmpkgs",
        "rev": "ac8805de6204cc4b2eff0d3b4c98d850c44cec17",
        "revCount": 237901,
        "type": "git",
        "url": "file:///home/cole/code/nixpkgs/cmpkgs"
      },
      "original": {
        "owner": "nixos",
        "ref": "nixos-unstable",
        "repo": "nixpkgs",
        "type": "github"
      }
    },
    "root": {
      "inputs": {
        "azure": "azure",
        "nixpkgs": "nixpkgs",
        "sops-nix": "sops-nix"
      }
    },
    "sops-nix": {
      "inputs": {
        "nixpkgs": [
          "nixpkgs"
        ]
      },
      "locked": {
        "lastModified": 1597360027,
        "narHash": "sha256-OE3l53TaWexCV7/KMAB0rYe76l8zNFO6ZlTEWGV3ibI=",
        "type": "git",
        "url": "file:///home/cole/code/sops-nix"
      },
      "original": {
        "owner": "Mic92",
        "ref": "master",
        "repo": "sops-nix",
        "type": "github"
      }
    }
  },
  "root": "root",
  "version": 7
}
