{
  "nodes": {
    "flake-utils": {
      "locked": {
        "lastModified": 1597053966,
        "narHash": "sha256-f9lbPS/GJ1His8fsDqM6gfa8kSqREU4eKiMCS5hrKg4=",
        "owner": "numtide",
        "repo": "flake-utils",
        "rev": "ec20f52e2ff61e9c36c2b894b62fc1b4bd04c71b",
        "type": "github"
      },
      "original": {
        "owner": "numtide",
        "repo": "flake-utils",
        "type": "github"
      }
    },
    "flake-utils_2": {
      "locked": {
        "lastModified": 1597053966,
        "narHash": "sha256-f9lbPS/GJ1His8fsDqM6gfa8kSqREU4eKiMCS5hrKg4=",
        "owner": "numtide",
        "repo": "flake-utils",
        "rev": "ec20f52e2ff61e9c36c2b894b62fc1b4bd04c71b",
        "type": "github"
      },
      "original": {
        "owner": "numtide",
        "repo": "flake-utils",
        "type": "github"
      }
    },
    "nixos-azure": {
      "inputs": {
        "flake-utils": "flake-utils_2",
        "nixpkgs": [
          "nixpkgs"
        ]
      },
      "locked": {
        "lastModified": 1597360480,
        "narHash": "sha256-7a7Zv8XZdlgi4nMg3lVeUICJmD0wr5xBXTsPp3nurIQ=",
        "type": "git",
        "url": "file:///home/cole/code/nixos-azure"
      },
      "original": {
        "owner": "colemickens",
        "ref": "dev",
        "repo": "flake-azure",
        "type": "github"
      }
    },
    "nixpkgs": {
      "locked": {
        "lastModified": 1597482472,
        "narHash": "sha256-Cq4QYgWSpXr2OSTJDR+ZkZzqQBbHc3TyKWzmrYlE2TE=",
        "ref": "cmpkgs",
        "rev": "5c463ebff3ff7a2554aff704cc32d6edecc70636",
        "revCount": 237899,
        "type": "git",
        "url": "file:///home/cole/code/nixpkgs/cmpkgs"
      },
      "original": {
        "owner": "nixos",
        "ref": "nixos-unstable",
        "repo": "nixpkgs",
        "type": "github"
      }
    },
    "root": {
      "inputs": {
        "flake-utils": "flake-utils",
        "nixos-azure": "nixos-azure",
        "nixpkgs": "nixpkgs",
        "sops-nix": "sops-nix"
      }
    },
    "sops-nix": {
      "inputs": {
        "nixpkgs": [
          "nixpkgs"
        ]
      },
      "locked": {
        "lastModified": 1597360027,
        "narHash": "sha256-qlI7San2bqiP3n4yKgDC0MbSIz0MGjPKVxVR/zKr8Lg=",
        "type": "git",
        "url": "file:///home/cole/code/sops-nix"
      },
      "original": {
        "owner": "Mic92",
        "ref": "master",
        "repo": "sops-nix",
        "type": "github"
      }
    }
  },
  "root": "root",
  "version": 7
}
